// !$*UTF8*$!
{
	archiveVersion = 1;
	classes = {
	};
	objectVersion = 46;
	objects = {

/* Begin PBXBuildFile section */
		2834454A1504B6BC0034F358 /* Cocoa.framework in Frameworks */ = {isa = PBXBuildFile; fileRef = 283445491504B6BC0034F358 /* Cocoa.framework */; };
		283445541504B6BC0034F358 /* InfoPlist.strings in Resources */ = {isa = PBXBuildFile; fileRef = 283445521504B6BC0034F358 /* InfoPlist.strings */; };
		283445561504B6BC0034F358 /* main.m in Sources */ = {isa = PBXBuildFile; fileRef = 283445551504B6BC0034F358 /* main.m */; };
		2834455A1504B6BC0034F358 /* Credits.rtf in Resources */ = {isa = PBXBuildFile; fileRef = 283445581504B6BC0034F358 /* Credits.rtf */; };
		2834455D1504B6BC0034F358 /* MFWAppDelegate.m in Sources */ = {isa = PBXBuildFile; fileRef = 2834455C1504B6BC0034F358 /* MFWAppDelegate.m */; };
		283445601504B6BC0034F358 /* MainMenu.xib in Resources */ = {isa = PBXBuildFile; fileRef = 2834455E1504B6BC0034F358 /* MainMenu.xib */; };
		283445681504B9860034F358 /* ScriptingBridge.framework in Frameworks */ = {isa = PBXBuildFile; fileRef = 283445671504B9850034F358 /* ScriptingBridge.framework */; };
		2834456A1504BA200034F358 /* 31-ipod.png in Resources */ = {isa = PBXBuildFile; fileRef = 283445691504BA200034F358 /* 31-ipod.png */; };
		283445751504BE9C0034F358 /* MerryStatusScrollerTextView.m in Sources */ = {isa = PBXBuildFile; fileRef = 283445701504BE9C0034F358 /* MerryStatusScrollerTextView.m */; };
		283445761504BE9C0034F358 /* MerryStatusScrollerView.m in Sources */ = {isa = PBXBuildFile; fileRef = 283445721504BE9C0034F358 /* MerryStatusScrollerView.m */; };
		283445771504BE9C0034F358 /* MerryStatusScrollerController.m in Sources */ = {isa = PBXBuildFile; fileRef = 283445741504BE9C0034F358 /* MerryStatusScrollerController.m */; };
		2834459C1504CFF70034F358 /* 31-ipod_inv.png in Resources */ = {isa = PBXBuildFile; fileRef = 2834459B1504CFF70034F358 /* 31-ipod_inv.png */; };
		2834459E1504D3FE0034F358 /* MerryNightmare.icns in Resources */ = {isa = PBXBuildFile; fileRef = 2834459D1504D3FE0034F358 /* MerryNightmare.icns */; };
		28DAF2A21508C88C00F7EA1D /* CoreServices.framework in Frameworks */ = {isa = PBXBuildFile; fileRef = 28DAF2A11508C88C00F7EA1D /* CoreServices.framework */; };
		28ECA7B0150AED020022408E /* QuartzCore.framework in Frameworks */ = {isa = PBXBuildFile; fileRef = 28ECA7AF150AED020022408E /* QuartzCore.framework */; };
/* End PBXBuildFile section */

/* Begin PBXFileReference section */
		280310B715147334007F29D4 /* zh-Hans */ = {isa = PBXFileReference; lastKnownFileType = file.xib; name = "zh-Hans"; path = "zh-Hans.lproj/MainMenu.xib"; sourceTree = "<group>"; };
		280310B91514746C007F29D4 /* ja */ = {isa = PBXFileReference; lastKnownFileType = file.xib; name = ja; path = ja.lproj/MainMenu.xib; sourceTree = "<group>"; };
		280310BA151474D8007F29D4 /* zh-Hans */ = {isa = PBXFileReference; lastKnownFileType = text.rtf; name = "zh-Hans"; path = "zh-Hans.lproj/Credits.rtf"; sourceTree = "<group>"; };
		280310BB15147500007F29D4 /* ja */ = {isa = PBXFileReference; lastKnownFileType = text.rtf; name = ja; path = ja.lproj/Credits.rtf; sourceTree = "<group>"; };
		283445451504B6BC0034F358 /* Mako.app */ = {isa = PBXFileReference; explicitFileType = wrapper.application; includeInIndex = 0; path = Mako.app; sourceTree = BUILT_PRODUCTS_DIR; };
		283445491504B6BC0034F358 /* Cocoa.framework */ = {isa = PBXFileReference; lastKnownFileType = wrapper.framework; name = Cocoa.framework; path = System/Library/Frameworks/Cocoa.framework; sourceTree = SDKROOT; };
		2834454C1504B6BC0034F358 /* AppKit.framework */ = {isa = PBXFileReference; lastKnownFileType = wrapper.framework; name = AppKit.framework; path = System/Library/Frameworks/AppKit.framework; sourceTree = SDKROOT; };
		2834454D1504B6BC0034F358 /* CoreData.framework */ = {isa = PBXFileReference; lastKnownFileType = wrapper.framework; name = CoreData.framework; path = System/Library/Frameworks/CoreData.framework; sourceTree = SDKROOT; };
		2834454E1504B6BC0034F358 /* Foundation.framework */ = {isa = PBXFileReference; lastKnownFileType = wrapper.framework; name = Foundation.framework; path = System/Library/Frameworks/Foundation.framework; sourceTree = SDKROOT; };
		283445511504B6BC0034F358 /* Mako-Info.plist */ = {isa = PBXFileReference; lastKnownFileType = text.plist.xml; path = "Mako-Info.plist"; sourceTree = "<group>"; };
		283445531504B6BC0034F358 /* en */ = {isa = PBXFileReference; lastKnownFileType = text.plist.strings; name = en; path = en.lproj/InfoPlist.strings; sourceTree = "<group>"; };
		283445551504B6BC0034F358 /* main.m */ = {isa = PBXFileReference; lastKnownFileType = sourcecode.c.objc; path = main.m; sourceTree = "<group>"; };
		283445571504B6BC0034F358 /* Mako-Prefix.pch */ = {isa = PBXFileReference; lastKnownFileType = sourcecode.c.h; path = "Mako-Prefix.pch"; sourceTree = "<group>"; };
		283445591504B6BC0034F358 /* en */ = {isa = PBXFileReference; lastKnownFileType = text.rtf; name = en; path = en.lproj/Credits.rtf; sourceTree = "<group>"; };
		2834455B1504B6BC0034F358 /* MFWAppDelegate.h */ = {isa = PBXFileReference; lastKnownFileType = sourcecode.c.h; path = MFWAppDelegate.h; sourceTree = "<group>"; };
		2834455C1504B6BC0034F358 /* MFWAppDelegate.m */ = {isa = PBXFileReference; lastKnownFileType = sourcecode.c.objc; path = MFWAppDelegate.m; sourceTree = "<group>"; };
		2834455F1504B6BC0034F358 /* en */ = {isa = PBXFileReference; lastKnownFileType = file.xib; name = en; path = en.lproj/MainMenu.xib; sourceTree = "<group>"; };
		283445661504B8B50034F358 /* iTunes.h */ = {isa = PBXFileReference; fileEncoding = 4; lastKnownFileType = sourcecode.c.h; path = iTunes.h; sourceTree = "<group>"; };
		283445671504B9850034F358 /* ScriptingBridge.framework */ = {isa = PBXFileReference; lastKnownFileType = wrapper.framework; name = ScriptingBridge.framework; path = System/Library/Frameworks/ScriptingBridge.framework; sourceTree = SDKROOT; };
		283445691504BA200034F358 /* 31-ipod.png */ = {isa = PBXFileReference; lastKnownFileType = image.png; path = "31-ipod.png"; sourceTree = "<group>"; };
		2834456F1504BE9C0034F358 /* MerryStatusScrollerTextView.h */ = {isa = PBXFileReference; fileEncoding = 4; lastKnownFileType = sourcecode.c.h; path = MerryStatusScrollerTextView.h; sourceTree = "<group>"; };
		283445701504BE9C0034F358 /* MerryStatusScrollerTextView.m */ = {isa = PBXFileReference; fileEncoding = 4; lastKnownFileType = sourcecode.c.objc; path = MerryStatusScrollerTextView.m; sourceTree = "<group>"; };
		283445711504BE9C0034F358 /* MerryStatusScrollerView.h */ = {isa = PBXFileReference; fileEncoding = 4; lastKnownFileType = sourcecode.c.h; path = MerryStatusScrollerView.h; sourceTree = "<group>"; };
		283445721504BE9C0034F358 /* MerryStatusScrollerView.m */ = {isa = PBXFileReference; fileEncoding = 4; lastKnownFileType = sourcecode.c.objc; path = MerryStatusScrollerView.m; sourceTree = "<group>"; };
		283445731504BE9C0034F358 /* MerryStatusScrollerController.h */ = {isa = PBXFileReference; fileEncoding = 4; lastKnownFileType = sourcecode.c.h; path = MerryStatusScrollerController.h; sourceTree = "<group>"; };
		283445741504BE9C0034F358 /* MerryStatusScrollerController.m */ = {isa = PBXFileReference; fileEncoding = 4; lastKnownFileType = sourcecode.c.objc; path = MerryStatusScrollerController.m; sourceTree = "<group>"; };
		2834459B1504CFF70034F358 /* 31-ipod_inv.png */ = {isa = PBXFileReference; lastKnownFileType = image.png; path = "31-ipod_inv.png"; sourceTree = "<group>"; };
		2834459D1504D3FE0034F358 /* MerryNightmare.icns */ = {isa = PBXFileReference; lastKnownFileType = image.icns; path = MerryNightmare.icns; sourceTree = "<group>"; };
		28DAF2A11508C88C00F7EA1D /* CoreServices.framework */ = {isa = PBXFileReference; lastKnownFileType = wrapper.framework; name = CoreServices.framework; path = System/Library/Frameworks/CoreServices.framework; sourceTree = SDKROOT; };
		28ECA7AF150AED020022408E /* QuartzCore.framework */ = {isa = PBXFileReference; lastKnownFileType = wrapper.framework; name = QuartzCore.framework; path = System/Library/Frameworks/QuartzCore.framework; sourceTree = SDKROOT; };
/* End PBXFileReference section */

/* Begin PBXFrameworksBuildPhase section */
		283445421504B6BC0034F358 /* Frameworks */ = {
			isa = PBXFrameworksBuildPhase;
			buildActionMask = 2147483647;
			files = (
				28ECA7B0150AED020022408E /* QuartzCore.framework in Frameworks */,
				28DAF2A21508C88C00F7EA1D /* CoreServices.framework in Frameworks */,
				283445681504B9860034F358 /* ScriptingBridge.framework in Frameworks */,
				2834454A1504B6BC0034F358 /* Cocoa.framework in Frameworks */,
			);
			runOnlyForDeploymentPostprocessing = 0;
		};
/* End PBXFrameworksBuildPhase section */

/* Begin PBXGroup section */
		2834453A1504B6BC0034F358 = {
			isa = PBXGroup;
			children = (
				2834454F1504B6BC0034F358 /* Mako */,
				283445481504B6BC0034F358 /* Frameworks */,
				283445461504B6BC0034F358 /* Products */,
			);
			sourceTree = "<group>";
		};
		283445461504B6BC0034F358 /* Products */ = {
			isa = PBXGroup;
			children = (
				283445451504B6BC0034F358 /* Mako.app */,
			);
			name = Products;
			sourceTree = "<group>";
		};
		283445481504B6BC0034F358 /* Frameworks */ = {
			isa = PBXGroup;
			children = (
				28ECA7AF150AED020022408E /* QuartzCore.framework */,
				28DAF2A11508C88C00F7EA1D /* CoreServices.framework */,
				283445671504B9850034F358 /* ScriptingBridge.framework */,
				283445491504B6BC0034F358 /* Cocoa.framework */,
				2834454B1504B6BC0034F358 /* Other Frameworks */,
			);
			name = Frameworks;
			sourceTree = "<group>";
		};
		2834454B1504B6BC0034F358 /* Other Frameworks */ = {
			isa = PBXGroup;
			children = (
				2834454C1504B6BC0034F358 /* AppKit.framework */,
				2834454D1504B6BC0034F358 /* CoreData.framework */,
				2834454E1504B6BC0034F358 /* Foundation.framework */,
			);
			name = "Other Frameworks";
			sourceTree = "<group>";
		};
		2834454F1504B6BC0034F358 /* Mako */ = {
			isa = PBXGroup;
			children = (
				283445661504B8B50034F358 /* iTunes.h */,
				2834456F1504BE9C0034F358 /* MerryStatusScrollerTextView.h */,
				283445701504BE9C0034F358 /* MerryStatusScrollerTextView.m */,
				283445711504BE9C0034F358 /* MerryStatusScrollerView.h */,
				283445721504BE9C0034F358 /* MerryStatusScrollerView.m */,
				283445731504BE9C0034F358 /* MerryStatusScrollerController.h */,
				283445741504BE9C0034F358 /* MerryStatusScrollerController.m */,
				2834455B1504B6BC0034F358 /* MFWAppDelegate.h */,
				2834455C1504B6BC0034F358 /* MFWAppDelegate.m */,
				2834455E1504B6BC0034F358 /* MainMenu.xib */,
				283445501504B6BC0034F358 /* Supporting Files */,
			);
			path = Mako;
			sourceTree = "<group>";
		};
		283445501504B6BC0034F358 /* Supporting Files */ = {
			isa = PBXGroup;
			children = (
				2834459B1504CFF70034F358 /* 31-ipod_inv.png */,
				283445691504BA200034F358 /* 31-ipod.png */,
				283445511504B6BC0034F358 /* Mako-Info.plist */,
				2834459D1504D3FE0034F358 /* MerryNightmare.icns */,
				283445521504B6BC0034F358 /* InfoPlist.strings */,
				283445551504B6BC0034F358 /* main.m */,
				283445571504B6BC0034F358 /* Mako-Prefix.pch */,
				283445581504B6BC0034F358 /* Credits.rtf */,
			);
			name = "Supporting Files";
			sourceTree = "<group>";
		};
/* End PBXGroup section */

/* Begin PBXNativeTarget section */
		283445441504B6BC0034F358 /* Mako */ = {
			isa = PBXNativeTarget;
			buildConfigurationList = 283445631504B6BC0034F358 /* Build configuration list for PBXNativeTarget "Mako" */;
			buildPhases = (
				283445411504B6BC0034F358 /* Sources */,
				283445421504B6BC0034F358 /* Frameworks */,
				283445431504B6BC0034F358 /* Resources */,
			);
			buildRules = (
			);
			dependencies = (
			);
			name = Mako;
			productName = Mako;
			productReference = 283445451504B6BC0034F358 /* Mako.app */;
			productType = "com.apple.product-type.application";
		};
/* End PBXNativeTarget section */

/* Begin PBXProject section */
		2834453C1504B6BC0034F358 /* Project object */ = {
			isa = PBXProject;
			attributes = {
				LastUpgradeCheck = 0420;
			};
			buildConfigurationList = 2834453F1504B6BC0034F358 /* Build configuration list for PBXProject "Mako" */;
			compatibilityVersion = "Xcode 3.2";
			developmentRegion = English;
			hasScannedForEncodings = 0;
			knownRegions = (
				en,
				"zh-Hans",
				ja,
			);
			mainGroup = 2834453A1504B6BC0034F358;
			productRefGroup = 283445461504B6BC0034F358 /* Products */;
			projectDirPath = "";
			projectRoot = "";
			targets = (
				283445441504B6BC0034F358 /* Mako */,
			);
		};
/* End PBXProject section */

/* Begin PBXResourcesBuildPhase section */
		283445431504B6BC0034F358 /* Resources */ = {
			isa = PBXResourcesBuildPhase;
			buildActionMask = 2147483647;
			files = (
				283445541504B6BC0034F358 /* InfoPlist.strings in Resources */,
				2834455A1504B6BC0034F358 /* Credits.rtf in Resources */,
				283445601504B6BC0034F358 /* MainMenu.xib in Resources */,
				2834456A1504BA200034F358 /* 31-ipod.png in Resources */,
				2834459C1504CFF70034F358 /* 31-ipod_inv.png in Resources */,
				2834459E1504D3FE0034F358 /* MerryNightmare.icns in Resources */,
			);
			runOnlyForDeploymentPostprocessing = 0;
		};
/* End PBXResourcesBuildPhase section */

/* Begin PBXSourcesBuildPhase section */
		283445411504B6BC0034F358 /* Sources */ = {
			isa = PBXSourcesBuildPhase;
			buildActionMask = 2147483647;
			files = (
				283445561504B6BC0034F358 /* main.m in Sources */,
				2834455D1504B6BC0034F358 /* MFWAppDelegate.m in Sources */,
				283445751504BE9C0034F358 /* MerryStatusScrollerTextView.m in Sources */,
				283445761504BE9C0034F358 /* MerryStatusScrollerView.m in Sources */,
				283445771504BE9C0034F358 /* MerryStatusScrollerController.m in Sources */,
			);
			runOnlyForDeploymentPostprocessing = 0;
		};
/* End PBXSourcesBuildPhase section */

/* Begin PBXVariantGroup section */
		283445521504B6BC0034F358 /* InfoPlist.strings */ = {
			isa = PBXVariantGroup;
			children = (
				283445531504B6BC0034F358 /* en */,
			);
			name = InfoPlist.strings;
			sourceTree = "<group>";
		};
		283445581504B6BC0034F358 /* Credits.rtf */ = {
			isa = PBXVariantGroup;
			children = (
				283445591504B6BC0034F358 /* en */,
				280310BA151474D8007F29D4 /* zh-Hans */,
				280310BB15147500007F29D4 /* ja */,
			);
			name = Credits.rtf;
			sourceTree = "<group>";
		};
		2834455E1504B6BC0034F358 /* MainMenu.xib */ = {
			isa = PBXVariantGroup;
			children = (
				2834455F1504B6BC0034F358 /* en */,
				280310B715147334007F29D4 /* zh-Hans */,
				280310B91514746C007F29D4 /* ja */,
			);
			name = MainMenu.xib;
			sourceTree = "<group>";
		};
/* End PBXVariantGroup section */

/* Begin XCBuildConfiguration section */
		283445611504B6BC0034F358 /* Debug */ = {
			isa = XCBuildConfiguration;
			buildSettings = {
				ALWAYS_SEARCH_USER_PATHS = NO;
				ARCHS = "$(ARCHS_STANDARD_64_BIT)";
				CLANG_ENABLE_OBJC_ARC = YES;
				COPY_PHASE_STRIP = NO;
				DEBUG_INFORMATION_FORMAT = "dwarf-with-dsym";
				GCC_C_LANGUAGE_STANDARD = gnu99;
				GCC_DYNAMIC_NO_PIC = NO;
				GCC_ENABLE_OBJC_EXCEPTIONS = YES;
				GCC_OPTIMIZATION_LEVEL = 0;
				GCC_PREPROCESSOR_DEFINITIONS = (
					"DEBUG=1",
					"$(inherited)",
				);
				GCC_SYMBOLS_PRIVATE_EXTERN = NO;
				GCC_VERSION = com.apple.compilers.llvm.clang.1_0;
				GCC_WARN_64_TO_32_BIT_CONVERSION = YES;
				GCC_WARN_ABOUT_MISSING_PROTOTYPES = YES;
				GCC_WARN_ABOUT_RETURN_TYPE = YES;
				GCC_WARN_UNUSED_VARIABLE = YES;
				MACOSX_DEPLOYMENT_TARGET = 10.7;
				ONLY_ACTIVE_ARCH = YES;
				SDKROOT = macosx;
			};
			name = Debug;
		};
		283445621504B6BC0034F358 /* Release */ = {
			isa = XCBuildConfiguration;
			buildSettings = {
				ALWAYS_SEARCH_USER_PATHS = NO;
				ARCHS = "$(ARCHS_STANDARD_64_BIT)";
				CLANG_ENABLE_OBJC_ARC = YES;
				COPY_PHASE_STRIP = YES;
				DEBUG_INFORMATION_FORMAT = "dwarf-with-dsym";
				GCC_C_LANGUAGE_STANDARD = gnu99;
				GCC_ENABLE_OBJC_EXCEPTIONS = YES;
				GCC_VERSION = com.apple.compilers.llvm.clang.1_0;
				GCC_WARN_64_TO_32_BIT_CONVERSION = YES;
				GCC_WARN_ABOUT_MISSING_PROTOTYPES = YES;
				GCC_WARN_ABOUT_RETURN_TYPE = YES;
				GCC_WARN_UNUSED_VARIABLE = YES;
				MACOSX_DEPLOYMENT_TARGET = 10.7;
				SDKROOT = macosx;
			};
			name = Release;
		};
		283445641504B6BC0034F358 /* Debug */ = {
			isa = XCBuildConfiguration;
			buildSettings = {
				GCC_PRECOMPILE_PREFIX_HEADER = YES;
				GCC_PREFIX_HEADER = "Mako/Mako-Prefix.pch";
				INFOPLIST_FILE = "Mako/Mako-Info.plist";
				PRODUCT_NAME = "$(TARGET_NAME)";
				WRAPPER_EXTENSION = app;
			};
			name = Debug;
		};
		283445651504B6BC0034F358 /* Release */ = {
			isa = XCBuildConfiguration;
			buildSettings = {
				GCC_PRECOMPILE_PREFIX_HEADER = YES;
				GCC_PREFIX_HEADER = "Mako/Mako-Prefix.pch";
				INFOPLIST_FILE = "Mako/Mako-Info.plist";
				PRODUCT_NAME = "$(TARGET_NAME)";
				WRAPPER_EXTENSION = app;
			};
			name = Release;
		};
/* End XCBuildConfiguration section */

/* Begin XCConfigurationList section */
		2834453F1504B6BC0034F358 /* Build configuration list for PBXProject "Mako" */ = {
			isa = XCConfigurationList;
			buildConfigurations = (
				283445611504B6BC0034F358 /* Debug */,
				283445621504B6BC0034F358 /* Release */,
			);
			defaultConfigurationIsVisible = 0;
			defaultConfigurationName = Release;
		};
		283445631504B6BC0034F358 /* Build configuration list for PBXNativeTarget "Mako" */ = {
			isa = XCConfigurationList;
			buildConfigurations = (
				283445641504B6BC0034F358 /* Debug */,
				283445651504B6BC0034F358 /* Release */,
			);
			defaultConfigurationIsVisible = 0;
			defaultConfigurationName = Release;
		};
/* End XCConfigurationList section */
	};
	rootObject = 2834453C1504B6BC0034F358 /* Project object */;
}
